
Microsoft Visual Studio Solution File, Format Version 12.00
# Visual Studio Version 17
VisualStudioVersion = 17.14.36121.58
MinimumVisualStudioVersion = 10.0.40219.1
Project("{FAE04EC0-301F-11D3-BF4B-00C04F79EFBC}") = "YoutubeDownloader", "YoutubeDownloader.csproj", "{6CCC5738-B462-4411-A149-5E5DA4448811}"
EndProject
Global
	GlobalSection(SolutionConfigurationPlatforms) = preSolution
		Debug|Any CPU = Debug|Any CPU
		Release|Any CPU = Release|Any CPU
	EndGlobalSection
	GlobalSection(ProjectConfigurationPlatforms) = postSolution
		{6CCC5738-B462-4411-A149-5E5DA4448811}.Debug|Any CPU.ActiveCfg = Debug|Any CPU
		{6CCC5738-B462-4411-A149-5E5DA4448811}.Debug|Any CPU.Build.0 = Debug|Any CPU
		{6CCC5738-B462-4411-A149-5E5DA4448811}.Release|Any CPU.ActiveCfg = Release|Any CPU
		{6CCC5738-B462-4411-A149-5E5DA4448811}.Release|Any CPU.Build.0 = Release|Any CPU
	EndGlobalSection
	GlobalSection(SolutionProperties) = preSolution
		HideSolutionNode = FALSE
	EndGlobalSection
	GlobalSection(ExtensibilityGlobals) = postSolution
		SolutionGuid = {DAD12062-7B31-40D2-8B67-4714C0F28339}
	EndGlobalSection
EndGlobal
